<Solution>
  <Folder Name="/Solution Items/">
    <File Path=".env" />
    <File Path=".env.example" />
    <File Path="Directory.Packages.props" />
    <File Path="docker-compose.yml" />
    <File Path="postgres\postgresql.conf" />
  </Folder>
  <Project Path="Wishapp.Web/Wishapp.Web.csproj" />
</Solution>
